
Microsoft Visual Studio Solution File, Format Version 12.00
# Visual Studio 15
VisualStudioVersion = 15.0.27703.2035
MinimumVisualStudioVersion = 10.0.40219.1
Project("{FAE04EC0-301F-11D3-BF4B-00C04F79EFBC}") = "practica3", "practica3\practica3.csproj", "{D197FF48-8620-4591-B3A1-E6CE8A1351BC}"
EndProject
Global
	GlobalSection(SolutionConfigurationPlatforms) = preSolution
		Debug|Any CPU = Debug|Any CPU
		Release|Any CPU = Release|Any CPU
	EndGlobalSection
	GlobalSection(ProjectConfigurationPlatforms) = postSolution
		{D197FF48-8620-4591-B3A1-E6CE8A1351BC}.Debug|Any CPU.ActiveCfg = Debug|Any CPU
		{D197FF48-8620-4591-B3A1-E6CE8A1351BC}.Debug|Any CPU.Build.0 = Debug|Any CPU
		{D197FF48-8620-4591-B3A1-E6CE8A1351BC}.Release|Any CPU.ActiveCfg = Release|Any CPU
		{D197FF48-8620-4591-B3A1-E6CE8A1351BC}.Release|Any CPU.Build.0 = Release|Any CPU
	EndGlobalSection
	GlobalSection(SolutionProperties) = preSolution
		HideSolutionNode = FALSE
	EndGlobalSection
	GlobalSection(ExtensibilityGlobals) = postSolution
		SolutionGuid = {BB4903B7-84BE-45BE-9274-439C3F5AFA33}
	EndGlobalSection
EndGlobal
